
Microsoft Visual Studio Solution File, Format Version 12.00
# Visual Studio Version 17
VisualStudioVersion = 17.0.31903.59
MinimumVisualStudioVersion = 10.0.40219.1
Project("{2150E333-8FDC-42A3-9474-1A3956D46DE8}") = "src", "src", "{A047DC3D-2420-4ECD-8DCB-B7AC03277677}"
EndProject
Project("{FAE04EC0-301F-11D3-BF4B-00C04F79EFBC}") = "EShop.Console", "src\EShop.Console\EShop.Console.csproj", "{4007B7F5-7889-40C2-9CEC-5BDDA6AC110D}"
EndProject
Project("{2150E333-8FDC-42A3-9474-1A3956D46DE8}") = "EShopBackendApi", "EShopBackendApi", "{40537F25-9C93-49A1-B08D-C6B534500D97}"
EndProject
Project("{FAE04EC0-301F-11D3-BF4B-00C04F79EFBC}") = "EShopBackendApi", "EShopBackendApi\EShopBackendApi.csproj", "{9771295B-66FB-4DDB-93CA-39BE771A03E4}"
EndProject
Project("{FAE04EC0-301F-11D3-BF4B-00C04F79EFBC}") = "Domain", "Domain\Domain.csproj", "{3DEDF29D-D2A2-4D75-8563-881EDA7ACFEF}"
EndProject
Project("{FAE04EC0-301F-11D3-BF4B-00C04F79EFBC}") = "Infrastructure", "Infrastructure\Infrastructure.csproj", "{0BB45C92-EFE6-40A7-8B8F-B236C77DFEAD}"
EndProject
Project("{FAE04EC0-301F-11D3-BF4B-00C04F79EFBC}") = "Application", "Application\Application.csproj", "{BD9D0FE9-7666-4C9C-B100-CFE957DB45EA}"
EndProject
Global
	GlobalSection(SolutionConfigurationPlatforms) = preSolution
		Debug|Any CPU = Debug|Any CPU
		Release|Any CPU = Release|Any CPU
	EndGlobalSection
	GlobalSection(SolutionProperties) = preSolution
		HideSolutionNode = FALSE
	EndGlobalSection
	GlobalSection(ProjectConfigurationPlatforms) = postSolution
		{4007B7F5-7889-40C2-9CEC-5BDDA6AC110D}.Debug|Any CPU.ActiveCfg = Debug|Any CPU
		{4007B7F5-7889-40C2-9CEC-5BDDA6AC110D}.Debug|Any CPU.Build.0 = Debug|Any CPU
		{4007B7F5-7889-40C2-9CEC-5BDDA6AC110D}.Release|Any CPU.ActiveCfg = Release|Any CPU
		{4007B7F5-7889-40C2-9CEC-5BDDA6AC110D}.Release|Any CPU.Build.0 = Release|Any CPU
		{9771295B-66FB-4DDB-93CA-39BE771A03E4}.Debug|Any CPU.ActiveCfg = Debug|Any CPU
		{9771295B-66FB-4DDB-93CA-39BE771A03E4}.Debug|Any CPU.Build.0 = Debug|Any CPU
		{9771295B-66FB-4DDB-93CA-39BE771A03E4}.Release|Any CPU.ActiveCfg = Release|Any CPU
		{9771295B-66FB-4DDB-93CA-39BE771A03E4}.Release|Any CPU.Build.0 = Release|Any CPU
		{3DEDF29D-D2A2-4D75-8563-881EDA7ACFEF}.Debug|Any CPU.ActiveCfg = Debug|Any CPU
		{3DEDF29D-D2A2-4D75-8563-881EDA7ACFEF}.Debug|Any CPU.Build.0 = Debug|Any CPU
		{3DEDF29D-D2A2-4D75-8563-881EDA7ACFEF}.Release|Any CPU.ActiveCfg = Release|Any CPU
		{3DEDF29D-D2A2-4D75-8563-881EDA7ACFEF}.Release|Any CPU.Build.0 = Release|Any CPU
		{0BB45C92-EFE6-40A7-8B8F-B236C77DFEAD}.Debug|Any CPU.ActiveCfg = Debug|Any CPU
		{0BB45C92-EFE6-40A7-8B8F-B236C77DFEAD}.Debug|Any CPU.Build.0 = Debug|Any CPU
		{0BB45C92-EFE6-40A7-8B8F-B236C77DFEAD}.Release|Any CPU.ActiveCfg = Release|Any CPU
		{0BB45C92-EFE6-40A7-8B8F-B236C77DFEAD}.Release|Any CPU.Build.0 = Release|Any CPU
		{BD9D0FE9-7666-4C9C-B100-CFE957DB45EA}.Debug|Any CPU.ActiveCfg = Debug|Any CPU
		{BD9D0FE9-7666-4C9C-B100-CFE957DB45EA}.Debug|Any CPU.Build.0 = Debug|Any CPU
		{BD9D0FE9-7666-4C9C-B100-CFE957DB45EA}.Release|Any CPU.ActiveCfg = Release|Any CPU
		{BD9D0FE9-7666-4C9C-B100-CFE957DB45EA}.Release|Any CPU.Build.0 = Release|Any CPU
	EndGlobalSection
	GlobalSection(NestedProjects) = preSolution
		{4007B7F5-7889-40C2-9CEC-5BDDA6AC110D} = {A047DC3D-2420-4ECD-8DCB-B7AC03277677}
		{9771295B-66FB-4DDB-93CA-39BE771A03E4} = {40537F25-9C93-49A1-B08D-C6B534500D97}
		{3DEDF29D-D2A2-4D75-8563-881EDA7ACFEF} = {40537F25-9C93-49A1-B08D-C6B534500D97}
		{0BB45C92-EFE6-40A7-8B8F-B236C77DFEAD} = {40537F25-9C93-49A1-B08D-C6B534500D97}
		{BD9D0FE9-7666-4C9C-B100-CFE957DB45EA} = {40537F25-9C93-49A1-B08D-C6B534500D97}
	EndGlobalSection
EndGlobal
